
Microsoft Visual Studio Solution File, Format Version 12.00
# Visual Studio Version 17
VisualStudioVersion = 17.5.002.0
MinimumVisualStudioVersion = 10.0.40219.1
Project("{9A19103F-16F7-4668-BE54-9A1E7A4F7556}") = "HAVMUN", "HAVMUN.csproj", "{7E783577-EC35-4A24-BC5D-F894A48E47F0}"
EndProject
Global
	GlobalSection(SolutionConfigurationPlatforms) = preSolution
		Debug|Any CPU = Debug|Any CPU
		Release|Any CPU = Release|Any CPU
	EndGlobalSection
	GlobalSection(ProjectConfigurationPlatforms) = postSolution
		{7E783577-EC35-4A24-BC5D-F894A48E47F0}.Debug|Any CPU.ActiveCfg = Debug|Any CPU
		{7E783577-EC35-4A24-BC5D-F894A48E47F0}.Debug|Any CPU.Build.0 = Debug|Any CPU
		{7E783577-EC35-4A24-BC5D-F894A48E47F0}.Release|Any CPU.ActiveCfg = Release|Any CPU
		{7E783577-EC35-4A24-BC5D-F894A48E47F0}.Release|Any CPU.Build.0 = Release|Any CPU
	EndGlobalSection
	GlobalSection(SolutionProperties) = preSolution
		HideSolutionNode = FALSE
	EndGlobalSection
	GlobalSection(ExtensibilityGlobals) = postSolution
		SolutionGuid = {F2ABE864-EA51-4B15-BBA2-F02FD9524A21}
	EndGlobalSection
EndGlobal
